
Microsoft Visual Studio Solution File, Format Version 12.00
# Visual Studio Version 16
VisualStudioVersion = 16.0.29728.190
MinimumVisualStudioVersion = 10.0.40219.1
Project("{FAE04EC0-301F-11D3-BF4B-00C04F79EFBC}") = "Server", "TCPIPDemo\Server.csproj", "{63D5D249-484C-498E-843D-ED58098E402D}"
EndProject
Project("{FAE04EC0-301F-11D3-BF4B-00C04F79EFBC}") = "Client", "Client\Client.csproj", "{D45D1CA4-A9DA-40FA-B4A8-FF324DC83DDE}"
EndProject
Project("{2150E333-8FDC-42A3-9474-1A3956D46DE8}") = "Solution Items", "Solution Items", "{7A1C1916-BF33-4CDC-9761-A03607747D68}"
	ProjectSection(SolutionItems) = preProject
		.editorconfig = .editorconfig
	EndProjectSection
EndProject
Project("{FAE04EC0-301F-11D3-BF4B-00C04F79EFBC}") = "Test", "Test\Test.csproj", "{A176798E-57EB-4BB8-AA56-77A0526F7B73}"
EndProject
Global
	GlobalSection(SolutionConfigurationPlatforms) = preSolution
		Debug|Any CPU = Debug|Any CPU
		Release|Any CPU = Release|Any CPU
	EndGlobalSection
	GlobalSection(ProjectConfigurationPlatforms) = postSolution
		{63D5D249-484C-498E-843D-ED58098E402D}.Debug|Any CPU.ActiveCfg = Debug|Any CPU
		{63D5D249-484C-498E-843D-ED58098E402D}.Debug|Any CPU.Build.0 = Debug|Any CPU
		{63D5D249-484C-498E-843D-ED58098E402D}.Release|Any CPU.ActiveCfg = Release|Any CPU
		{63D5D249-484C-498E-843D-ED58098E402D}.Release|Any CPU.Build.0 = Release|Any CPU
		{D45D1CA4-A9DA-40FA-B4A8-FF324DC83DDE}.Debug|Any CPU.ActiveCfg = Debug|Any CPU
		{D45D1CA4-A9DA-40FA-B4A8-FF324DC83DDE}.Debug|Any CPU.Build.0 = Debug|Any CPU
		{D45D1CA4-A9DA-40FA-B4A8-FF324DC83DDE}.Release|Any CPU.ActiveCfg = Release|Any CPU
		{D45D1CA4-A9DA-40FA-B4A8-FF324DC83DDE}.Release|Any CPU.Build.0 = Release|Any CPU
		{A176798E-57EB-4BB8-AA56-77A0526F7B73}.Debug|Any CPU.ActiveCfg = Debug|Any CPU
		{A176798E-57EB-4BB8-AA56-77A0526F7B73}.Debug|Any CPU.Build.0 = Debug|Any CPU
		{A176798E-57EB-4BB8-AA56-77A0526F7B73}.Release|Any CPU.ActiveCfg = Release|Any CPU
		{A176798E-57EB-4BB8-AA56-77A0526F7B73}.Release|Any CPU.Build.0 = Release|Any CPU
	EndGlobalSection
	GlobalSection(SolutionProperties) = preSolution
		HideSolutionNode = FALSE
	EndGlobalSection
	GlobalSection(ExtensibilityGlobals) = postSolution
		SolutionGuid = {EE6FC6F0-8AD1-45EE-843B-50CB42F302C5}
	EndGlobalSection
EndGlobal
